
Microsoft Visual Studio Solution File, Format Version 12.00
# Visual Studio Version 17
VisualStudioVersion = 17.9.34728.123
MinimumVisualStudioVersion = 10.0.40219.1
Project("{FAE04EC0-301F-11D3-BF4B-00C04F79EFBC}") = "Registration.Domain", "Registration.Domain\Registration.Domain.csproj", "{EA92597B-43C3-47FA-8400-FD53D5A9CA95}"
EndProject
Project("{FAE04EC0-301F-11D3-BF4B-00C04F79EFBC}") = "Registration.Application", "Registration.Application\Registration.Application.csproj", "{9E79E9C9-9D6F-4DAB-910D-6DC45EFBA302}"
EndProject
Project("{FAE04EC0-301F-11D3-BF4B-00C04F79EFBC}") = "Registration.Infrastructure", "Registration.Infrastructure\Registration.Infrastructure.csproj", "{E26C9598-B69A-441F-AEA6-5B3289BF5391}"
EndProject
Project("{FAE04EC0-301F-11D3-BF4B-00C04F79EFBC}") = "Presentation", "Presentation\Presentation.csproj", "{73F198B5-153E-4CBB-BAEC-01A58B322358}"
EndProject
Project("{FAE04EC0-301F-11D3-BF4B-00C04F79EFBC}") = "Registration.Persistance", "Registration.Persistance\Registration.Persistance.csproj", "{3A396629-ED8F-49F3-A6C0-59FCFB9DC6E7}"
EndProject
Global
	GlobalSection(SolutionConfigurationPlatforms) = preSolution
		Debug|Any CPU = Debug|Any CPU
		Release|Any CPU = Release|Any CPU
	EndGlobalSection
	GlobalSection(ProjectConfigurationPlatforms) = postSolution
		{EA92597B-43C3-47FA-8400-FD53D5A9CA95}.Debug|Any CPU.ActiveCfg = Debug|Any CPU
		{EA92597B-43C3-47FA-8400-FD53D5A9CA95}.Debug|Any CPU.Build.0 = Debug|Any CPU
		{EA92597B-43C3-47FA-8400-FD53D5A9CA95}.Release|Any CPU.ActiveCfg = Release|Any CPU
		{EA92597B-43C3-47FA-8400-FD53D5A9CA95}.Release|Any CPU.Build.0 = Release|Any CPU
		{9E79E9C9-9D6F-4DAB-910D-6DC45EFBA302}.Debug|Any CPU.ActiveCfg = Debug|Any CPU
		{9E79E9C9-9D6F-4DAB-910D-6DC45EFBA302}.Debug|Any CPU.Build.0 = Debug|Any CPU
		{9E79E9C9-9D6F-4DAB-910D-6DC45EFBA302}.Release|Any CPU.ActiveCfg = Release|Any CPU
		{9E79E9C9-9D6F-4DAB-910D-6DC45EFBA302}.Release|Any CPU.Build.0 = Release|Any CPU
		{E26C9598-B69A-441F-AEA6-5B3289BF5391}.Debug|Any CPU.ActiveCfg = Debug|Any CPU
		{E26C9598-B69A-441F-AEA6-5B3289BF5391}.Debug|Any CPU.Build.0 = Debug|Any CPU
		{E26C9598-B69A-441F-AEA6-5B3289BF5391}.Release|Any CPU.ActiveCfg = Release|Any CPU
		{E26C9598-B69A-441F-AEA6-5B3289BF5391}.Release|Any CPU.Build.0 = Release|Any CPU
		{73F198B5-153E-4CBB-BAEC-01A58B322358}.Debug|Any CPU.ActiveCfg = Debug|Any CPU
		{73F198B5-153E-4CBB-BAEC-01A58B322358}.Debug|Any CPU.Build.0 = Debug|Any CPU
		{73F198B5-153E-4CBB-BAEC-01A58B322358}.Release|Any CPU.ActiveCfg = Release|Any CPU
		{73F198B5-153E-4CBB-BAEC-01A58B322358}.Release|Any CPU.Build.0 = Release|Any CPU
		{3A396629-ED8F-49F3-A6C0-59FCFB9DC6E7}.Debug|Any CPU.ActiveCfg = Debug|Any CPU
		{3A396629-ED8F-49F3-A6C0-59FCFB9DC6E7}.Debug|Any CPU.Build.0 = Debug|Any CPU
		{3A396629-ED8F-49F3-A6C0-59FCFB9DC6E7}.Release|Any CPU.ActiveCfg = Release|Any CPU
		{3A396629-ED8F-49F3-A6C0-59FCFB9DC6E7}.Release|Any CPU.Build.0 = Release|Any CPU
	EndGlobalSection
	GlobalSection(SolutionProperties) = preSolution
		HideSolutionNode = FALSE
	EndGlobalSection
	GlobalSection(ExtensibilityGlobals) = postSolution
		SolutionGuid = {F8AD89D6-C8E7-46B1-B5E1-29CBC1AB8957}
	EndGlobalSection
EndGlobal
